
Microsoft Visual Studio Solution File, Format Version 12.00
# Visual Studio Version 17
VisualStudioVersion = 17.1.32421.90
MinimumVisualStudioVersion = 10.0.40219.1
Project("{9A19103F-16F7-4668-BE54-9A1E7A4F7556}") = "NameCheck", "NameCheck\NameCheck.csproj", "{68F46919-5D2A-4DAC-9D5A-3888C512854E}"
EndProject
Global
	GlobalSection(SolutionConfigurationPlatforms) = preSolution
		Debug|Any CPU = Debug|Any CPU
		Release|Any CPU = Release|Any CPU
	EndGlobalSection
	GlobalSection(ProjectConfigurationPlatforms) = postSolution
		{68F46919-5D2A-4DAC-9D5A-3888C512854E}.Debug|Any CPU.ActiveCfg = Release|Any CPU
		{68F46919-5D2A-4DAC-9D5A-3888C512854E}.Debug|Any CPU.Build.0 = Release|Any CPU
		{68F46919-5D2A-4DAC-9D5A-3888C512854E}.Release|Any CPU.ActiveCfg = Release|Any CPU
		{68F46919-5D2A-4DAC-9D5A-3888C512854E}.Release|Any CPU.Build.0 = Release|Any CPU
	EndGlobalSection
	GlobalSection(SolutionProperties) = preSolution
		HideSolutionNode = FALSE
	EndGlobalSection
	GlobalSection(ExtensibilityGlobals) = postSolution
		SolutionGuid = {ECB9D6CF-159E-4A41-AA07-40F2C86C718A}
	EndGlobalSection
EndGlobal
