
Microsoft Visual Studio Solution File, Format Version 12.00
Project("{FAE04EC0-301F-11D3-BF4B-00C04F79EFBC}") = "NameCheck", "NameCheck\NameCheck.csproj", "{68F46919-5D2A-4DAC-9D5A-3888C512854E}"
EndProject
Global
	GlobalSection(SolutionConfigurationPlatforms) = preSolution
		Debug|Any CPU = Debug|Any CPU
		Release|Any CPU = Release|Any CPU
	EndGlobalSection
	GlobalSection(ProjectConfigurationPlatforms) = postSolution
		{68F46919-5D2A-4DAC-9D5A-3888C512854E}.Debug|Any CPU.ActiveCfg = Debug|Any CPU
		{68F46919-5D2A-4DAC-9D5A-3888C512854E}.Debug|Any CPU.Build.0 = Debug|Any CPU
		{68F46919-5D2A-4DAC-9D5A-3888C512854E}.Release|Any CPU.ActiveCfg = Release|Any CPU
		{68F46919-5D2A-4DAC-9D5A-3888C512854E}.Release|Any CPU.Build.0 = Release|Any CPU
	EndGlobalSection
EndGlobal
